{
  "name": "TextingStoryLab",
  "lockfileVersion": 3,
  "requires": true,
  "packages": {
    "": {
      "dependencies": {
        "angular2-uuid": "^1.1.1"
      }
    },
    "node_modules/angular2-uuid": {
      "version": "1.1.1",
      "resolved": "https://registry.npmjs.org/angular2-uuid/-/angular2-uuid-1.1.1.tgz",
      "integrity": "sha512-6AXPyii9q8KBFGagybLNVmdGJLPcVZAhmv3odNGSJIA18LuJ3xOe6uN9GvjlQsGfdmYeuxlsGnFEUu7gPhkc+g=="
    }
  }
}
